
Microsoft Visual Studio Solution File, Format Version 12.00
# Visual Studio 15
VisualStudioVersion = 15.0.27703.2000
MinimumVisualStudioVersion = 10.0.40219.1
Project("{9A19103F-16F7-4668-BE54-9A1E7A4F7556}") = "GERAIS", "GERAIS.csproj", "{88EE9E3C-6316-491C-B8B8-7467B01B1D0C}"
EndProject
Global
	GlobalSection(SolutionConfigurationPlatforms) = preSolution
		Debug|Any CPU = Debug|Any CPU
		Release|Any CPU = Release|Any CPU
	EndGlobalSection
	GlobalSection(ProjectConfigurationPlatforms) = postSolution
		{88EE9E3C-6316-491C-B8B8-7467B01B1D0C}.Debug|Any CPU.ActiveCfg = Debug|Any CPU
		{88EE9E3C-6316-491C-B8B8-7467B01B1D0C}.Debug|Any CPU.Build.0 = Debug|Any CPU
		{88EE9E3C-6316-491C-B8B8-7467B01B1D0C}.Release|Any CPU.ActiveCfg = Release|Any CPU
		{88EE9E3C-6316-491C-B8B8-7467B01B1D0C}.Release|Any CPU.Build.0 = Release|Any CPU
	EndGlobalSection
	GlobalSection(SolutionProperties) = preSolution
		HideSolutionNode = FALSE
	EndGlobalSection
	GlobalSection(ExtensibilityGlobals) = postSolution
		SolutionGuid = {418F8C19-23B9-46E1-A5E3-5E1CF200BFBD}
	EndGlobalSection
EndGlobal
